
Microsoft Visual Studio Solution File, Format Version 12.00
# Visual Studio Version 17
VisualStudioVersion = 17.6.33815.320
MinimumVisualStudioVersion = 10.0.40219.1
Project("{888888A0-9F3D-457C-B088-3A5042F75D52}") = "Robot Framework Automation", "Robot Framework Automation\Robot Framework Automation.pyproj", "{7367D361-605A-4876-B66E-96D7DE7048BB}"
EndProject
Global
	GlobalSection(SolutionConfigurationPlatforms) = preSolution
		Debug|Any CPU = Debug|Any CPU
		Release|Any CPU = Release|Any CPU
	EndGlobalSection
	GlobalSection(ProjectConfigurationPlatforms) = postSolution
		{7367D361-605A-4876-B66E-96D7DE7048BB}.Debug|Any CPU.ActiveCfg = Debug|Any CPU
		{7367D361-605A-4876-B66E-96D7DE7048BB}.Release|Any CPU.ActiveCfg = Release|Any CPU
	EndGlobalSection
	GlobalSection(SolutionProperties) = preSolution
		HideSolutionNode = FALSE
	EndGlobalSection
	GlobalSection(ExtensibilityGlobals) = postSolution
		SolutionGuid = {520C2A1B-03F6-45B1-9F40-F24498649ACB}
	EndGlobalSection
EndGlobal
